
Microsoft Visual Studio Solution File, Format Version 12.00
Project("{FAE04EC0-301F-11D3-BF4B-00C04F79EFBC}") = "TestProject", "TestProject\TestProject.csproj", "{7F5C7AE5-620C-4080-ACC5-19348EE69A75}"
EndProject
Global
	GlobalSection(SolutionConfigurationPlatforms) = preSolution
		Debug|Any CPU = Debug|Any CPU
		Release|Any CPU = Release|Any CPU
	EndGlobalSection
	GlobalSection(ProjectConfigurationPlatforms) = postSolution
		{7F5C7AE5-620C-4080-ACC5-19348EE69A75}.Debug|Any CPU.ActiveCfg = Debug|Any CPU
		{7F5C7AE5-620C-4080-ACC5-19348EE69A75}.Debug|Any CPU.Build.0 = Debug|Any CPU
		{7F5C7AE5-620C-4080-ACC5-19348EE69A75}.Release|Any CPU.ActiveCfg = Release|Any CPU
		{7F5C7AE5-620C-4080-ACC5-19348EE69A75}.Release|Any CPU.Build.0 = Release|Any CPU
	EndGlobalSection
EndGlobal
